
Microsoft Visual Studio Solution File, Format Version 12.00
# Visual Studio Version 17
VisualStudioVersion = 17.9.34728.123
MinimumVisualStudioVersion = 10.0.40219.1
Project("{FAE04EC0-301F-11D3-BF4B-00C04F79EFBC}") = "5by5-Persist", "5by5-Persist\5by5-Persist.csproj", "{787E85B9-5ACA-442B-B067-6D7D22CD2F3B}"
EndProject
Project("{FAE04EC0-301F-11D3-BF4B-00C04F79EFBC}") = "Models", "Models\Models.csproj", "{1FBB147B-57BD-4053-8DCD-EFFB40CF9C64}"
EndProject
Project("{FAE04EC0-301F-11D3-BF4B-00C04F79EFBC}") = "Controller", "Controller\Controller.csproj", "{487EF6AC-2536-4CAD-B1AC-338ED39673A4}"
EndProject
Project("{FAE04EC0-301F-11D3-BF4B-00C04F79EFBC}") = "Repositories", "Repositories\Repositories.csproj", "{637AA8A2-8FA1-4C3D-B4DB-1474483A6F25}"
EndProject
Project("{FAE04EC0-301F-11D3-BF4B-00C04F79EFBC}") = "Services", "Services\Services.csproj", "{E92CF1E7-7449-44CB-98A0-F29B259ED420}"
EndProject
Global
	GlobalSection(SolutionConfigurationPlatforms) = preSolution
		Debug|Any CPU = Debug|Any CPU
		Release|Any CPU = Release|Any CPU
	EndGlobalSection
	GlobalSection(ProjectConfigurationPlatforms) = postSolution
		{787E85B9-5ACA-442B-B067-6D7D22CD2F3B}.Debug|Any CPU.ActiveCfg = Debug|Any CPU
		{787E85B9-5ACA-442B-B067-6D7D22CD2F3B}.Debug|Any CPU.Build.0 = Debug|Any CPU
		{787E85B9-5ACA-442B-B067-6D7D22CD2F3B}.Release|Any CPU.ActiveCfg = Release|Any CPU
		{787E85B9-5ACA-442B-B067-6D7D22CD2F3B}.Release|Any CPU.Build.0 = Release|Any CPU
		{1FBB147B-57BD-4053-8DCD-EFFB40CF9C64}.Debug|Any CPU.ActiveCfg = Debug|Any CPU
		{1FBB147B-57BD-4053-8DCD-EFFB40CF9C64}.Debug|Any CPU.Build.0 = Debug|Any CPU
		{1FBB147B-57BD-4053-8DCD-EFFB40CF9C64}.Release|Any CPU.ActiveCfg = Release|Any CPU
		{1FBB147B-57BD-4053-8DCD-EFFB40CF9C64}.Release|Any CPU.Build.0 = Release|Any CPU
		{487EF6AC-2536-4CAD-B1AC-338ED39673A4}.Debug|Any CPU.ActiveCfg = Debug|Any CPU
		{487EF6AC-2536-4CAD-B1AC-338ED39673A4}.Debug|Any CPU.Build.0 = Debug|Any CPU
		{487EF6AC-2536-4CAD-B1AC-338ED39673A4}.Release|Any CPU.ActiveCfg = Release|Any CPU
		{487EF6AC-2536-4CAD-B1AC-338ED39673A4}.Release|Any CPU.Build.0 = Release|Any CPU
		{637AA8A2-8FA1-4C3D-B4DB-1474483A6F25}.Debug|Any CPU.ActiveCfg = Debug|Any CPU
		{637AA8A2-8FA1-4C3D-B4DB-1474483A6F25}.Debug|Any CPU.Build.0 = Debug|Any CPU
		{637AA8A2-8FA1-4C3D-B4DB-1474483A6F25}.Release|Any CPU.ActiveCfg = Release|Any CPU
		{637AA8A2-8FA1-4C3D-B4DB-1474483A6F25}.Release|Any CPU.Build.0 = Release|Any CPU
		{E92CF1E7-7449-44CB-98A0-F29B259ED420}.Debug|Any CPU.ActiveCfg = Debug|Any CPU
		{E92CF1E7-7449-44CB-98A0-F29B259ED420}.Debug|Any CPU.Build.0 = Debug|Any CPU
		{E92CF1E7-7449-44CB-98A0-F29B259ED420}.Release|Any CPU.ActiveCfg = Release|Any CPU
		{E92CF1E7-7449-44CB-98A0-F29B259ED420}.Release|Any CPU.Build.0 = Release|Any CPU
	EndGlobalSection
	GlobalSection(SolutionProperties) = preSolution
		HideSolutionNode = FALSE
	EndGlobalSection
	GlobalSection(ExtensibilityGlobals) = postSolution
		SolutionGuid = {A46E8398-318F-4D18-BA62-D3986BA8F6D3}
	EndGlobalSection
EndGlobal
